
Microsoft Visual Studio Solution File, Format Version 12.00
# Visual Studio Version 17
VisualStudioVersion = 17.6.33723.286
MinimumVisualStudioVersion = 10.0.40219.1
Project("{2150E333-8FDC-42A3-9474-1A3956D46DE8}") = "1.Enterprise Business Rules", "1.Enterprise Business Rules", "{EBFA5B05-B6C7-4468-8092-EB9CDD884C4B}"
EndProject
Project("{2150E333-8FDC-42A3-9474-1A3956D46DE8}") = "2.Application Business Rules", "2.Application Business Rules", "{7BE603B0-C751-4388-A89B-679373614007}"
EndProject
Project("{2150E333-8FDC-42A3-9474-1A3956D46DE8}") = "3.Interface Adapters.", "3.Interface Adapters.", "{EA65F737-7060-40D7-8C30-3A5D12A85A60}"
EndProject
Project("{2150E333-8FDC-42A3-9474-1A3956D46DE8}") = "4.Frameworks And Drivers", "4.Frameworks And Drivers", "{CDF248AC-74EA-41E8-BD5E-C37AAA80D79B}"
EndProject
Project("{9A19103F-16F7-4668-BE54-9A1E7A4F7556}") = "NorthWind.Entities", "NorthWind.Entities\NorthWind.Entities.csproj", "{E57479ED-760F-4EC6-BFDA-A60F70E6C8DF}"
EndProject
Project("{9A19103F-16F7-4668-BE54-9A1E7A4F7556}") = "NorthWind.Sales.BusinessObjects", "NorthWind.Sales.BusinessObjects\NorthWind.Sales.BusinessObjects.csproj", "{35AC0E5F-5FE5-4F70-AEA3-4AFD43B69241}"
EndProject
Project("{9A19103F-16F7-4668-BE54-9A1E7A4F7556}") = "NorthWind.Sales.UseCases", "NorthWind.Sales.UseCases\NorthWind.Sales.UseCases.csproj", "{03844A1C-2267-475F-9E9D-C95795CAC714}"
EndProject
Project("{2150E333-8FDC-42A3-9474-1A3956D46DE8}") = "Gateways", "Gateways", "{0F2AE100-8B04-46C4-993A-7624D90B323B}"
EndProject
Project("{2150E333-8FDC-42A3-9474-1A3956D46DE8}") = "Repositories", "Repositories", "{AA53C024-1E4E-43C6-AC87-CC3B00FBA796}"
EndProject
Project("{9A19103F-16F7-4668-BE54-9A1E7A4F7556}") = "NorthWind.EFCore.Repositories", "NorthWind.EFCore.Repositories\NorthWind.EFCore.Repositories.csproj", "{5E229E0F-F267-419C-89DE-8907B61F475F}"
EndProject
Project("{2150E333-8FDC-42A3-9474-1A3956D46DE8}") = "Presenters", "Presenters", "{3AA22461-D310-413A-AC36-912FDB1A6F53}"
EndProject
Project("{FAE04EC0-301F-11D3-BF4B-00C04F79EFBC}") = "NorthWind.Sales.Presenters", "NorthWind.Sales.Presenters\NorthWind.Sales.Presenters.csproj", "{45A50DF9-9FA1-405D-B0EC-A14521957D40}"
EndProject
Project("{2150E333-8FDC-42A3-9474-1A3956D46DE8}") = "Controllers", "Controllers", "{8EDD5307-4D53-436C-B08F-5B42EE01071C}"
EndProject
Project("{FAE04EC0-301F-11D3-BF4B-00C04F79EFBC}") = "NorthWind.Sales.Controllers", "NorthWind.Sales.Controllers\NorthWind.Sales.Controllers.csproj", "{C291ED8A-AFF4-41A6-9F8F-3E32DB490893}"
EndProject
Project("{FAE04EC0-301F-11D3-BF4B-00C04F79EFBC}") = "NorthWind.Sales.IoC", "NorthWind.Sales.IoC\NorthWind.Sales.IoC.csproj", "{DA0B67E7-B95B-4B5E-8875-517E5F3DF75C}"
EndProject
Project("{2150E333-8FDC-42A3-9474-1A3956D46DE8}") = "UIs", "UIs", "{C0598C30-6D92-4E12-A447-B54FDA0E0322}"
EndProject
Project("{FAE04EC0-301F-11D3-BF4B-00C04F79EFBC}") = "NorthWind.Sales.WebApi", "NorthWind.Sales.WebApi\NorthWind.Sales.WebApi.csproj", "{18A78244-9A85-4669-86A2-283124F2C21C}"
EndProject
Global
	GlobalSection(SolutionConfigurationPlatforms) = preSolution
		Debug|Any CPU = Debug|Any CPU
		Release|Any CPU = Release|Any CPU
	EndGlobalSection
	GlobalSection(ProjectConfigurationPlatforms) = postSolution
		{E57479ED-760F-4EC6-BFDA-A60F70E6C8DF}.Debug|Any CPU.ActiveCfg = Debug|Any CPU
		{E57479ED-760F-4EC6-BFDA-A60F70E6C8DF}.Debug|Any CPU.Build.0 = Debug|Any CPU
		{E57479ED-760F-4EC6-BFDA-A60F70E6C8DF}.Release|Any CPU.ActiveCfg = Release|Any CPU
		{E57479ED-760F-4EC6-BFDA-A60F70E6C8DF}.Release|Any CPU.Build.0 = Release|Any CPU
		{35AC0E5F-5FE5-4F70-AEA3-4AFD43B69241}.Debug|Any CPU.ActiveCfg = Debug|Any CPU
		{35AC0E5F-5FE5-4F70-AEA3-4AFD43B69241}.Debug|Any CPU.Build.0 = Debug|Any CPU
		{35AC0E5F-5FE5-4F70-AEA3-4AFD43B69241}.Release|Any CPU.ActiveCfg = Release|Any CPU
		{35AC0E5F-5FE5-4F70-AEA3-4AFD43B69241}.Release|Any CPU.Build.0 = Release|Any CPU
		{03844A1C-2267-475F-9E9D-C95795CAC714}.Debug|Any CPU.ActiveCfg = Debug|Any CPU
		{03844A1C-2267-475F-9E9D-C95795CAC714}.Debug|Any CPU.Build.0 = Debug|Any CPU
		{03844A1C-2267-475F-9E9D-C95795CAC714}.Release|Any CPU.ActiveCfg = Release|Any CPU
		{03844A1C-2267-475F-9E9D-C95795CAC714}.Release|Any CPU.Build.0 = Release|Any CPU
		{5E229E0F-F267-419C-89DE-8907B61F475F}.Debug|Any CPU.ActiveCfg = Debug|Any CPU
		{5E229E0F-F267-419C-89DE-8907B61F475F}.Debug|Any CPU.Build.0 = Debug|Any CPU
		{5E229E0F-F267-419C-89DE-8907B61F475F}.Release|Any CPU.ActiveCfg = Release|Any CPU
		{5E229E0F-F267-419C-89DE-8907B61F475F}.Release|Any CPU.Build.0 = Release|Any CPU
		{45A50DF9-9FA1-405D-B0EC-A14521957D40}.Debug|Any CPU.ActiveCfg = Debug|Any CPU
		{45A50DF9-9FA1-405D-B0EC-A14521957D40}.Debug|Any CPU.Build.0 = Debug|Any CPU
		{45A50DF9-9FA1-405D-B0EC-A14521957D40}.Release|Any CPU.ActiveCfg = Release|Any CPU
		{45A50DF9-9FA1-405D-B0EC-A14521957D40}.Release|Any CPU.Build.0 = Release|Any CPU
		{C291ED8A-AFF4-41A6-9F8F-3E32DB490893}.Debug|Any CPU.ActiveCfg = Debug|Any CPU
		{C291ED8A-AFF4-41A6-9F8F-3E32DB490893}.Debug|Any CPU.Build.0 = Debug|Any CPU
		{C291ED8A-AFF4-41A6-9F8F-3E32DB490893}.Release|Any CPU.ActiveCfg = Release|Any CPU
		{C291ED8A-AFF4-41A6-9F8F-3E32DB490893}.Release|Any CPU.Build.0 = Release|Any CPU
		{DA0B67E7-B95B-4B5E-8875-517E5F3DF75C}.Debug|Any CPU.ActiveCfg = Debug|Any CPU
		{DA0B67E7-B95B-4B5E-8875-517E5F3DF75C}.Debug|Any CPU.Build.0 = Debug|Any CPU
		{DA0B67E7-B95B-4B5E-8875-517E5F3DF75C}.Release|Any CPU.ActiveCfg = Release|Any CPU
		{DA0B67E7-B95B-4B5E-8875-517E5F3DF75C}.Release|Any CPU.Build.0 = Release|Any CPU
		{18A78244-9A85-4669-86A2-283124F2C21C}.Debug|Any CPU.ActiveCfg = Debug|Any CPU
		{18A78244-9A85-4669-86A2-283124F2C21C}.Debug|Any CPU.Build.0 = Debug|Any CPU
		{18A78244-9A85-4669-86A2-283124F2C21C}.Release|Any CPU.ActiveCfg = Release|Any CPU
		{18A78244-9A85-4669-86A2-283124F2C21C}.Release|Any CPU.Build.0 = Release|Any CPU
	EndGlobalSection
	GlobalSection(SolutionProperties) = preSolution
		HideSolutionNode = FALSE
	EndGlobalSection
	GlobalSection(NestedProjects) = preSolution
		{E57479ED-760F-4EC6-BFDA-A60F70E6C8DF} = {EBFA5B05-B6C7-4468-8092-EB9CDD884C4B}
		{35AC0E5F-5FE5-4F70-AEA3-4AFD43B69241} = {7BE603B0-C751-4388-A89B-679373614007}
		{03844A1C-2267-475F-9E9D-C95795CAC714} = {7BE603B0-C751-4388-A89B-679373614007}
		{0F2AE100-8B04-46C4-993A-7624D90B323B} = {EA65F737-7060-40D7-8C30-3A5D12A85A60}
		{AA53C024-1E4E-43C6-AC87-CC3B00FBA796} = {0F2AE100-8B04-46C4-993A-7624D90B323B}
		{5E229E0F-F267-419C-89DE-8907B61F475F} = {AA53C024-1E4E-43C6-AC87-CC3B00FBA796}
		{3AA22461-D310-413A-AC36-912FDB1A6F53} = {EA65F737-7060-40D7-8C30-3A5D12A85A60}
		{45A50DF9-9FA1-405D-B0EC-A14521957D40} = {3AA22461-D310-413A-AC36-912FDB1A6F53}
		{8EDD5307-4D53-436C-B08F-5B42EE01071C} = {EA65F737-7060-40D7-8C30-3A5D12A85A60}
		{C291ED8A-AFF4-41A6-9F8F-3E32DB490893} = {8EDD5307-4D53-436C-B08F-5B42EE01071C}
		{DA0B67E7-B95B-4B5E-8875-517E5F3DF75C} = {EA65F737-7060-40D7-8C30-3A5D12A85A60}
		{C0598C30-6D92-4E12-A447-B54FDA0E0322} = {CDF248AC-74EA-41E8-BD5E-C37AAA80D79B}
		{18A78244-9A85-4669-86A2-283124F2C21C} = {C0598C30-6D92-4E12-A447-B54FDA0E0322}
	EndGlobalSection
	GlobalSection(ExtensibilityGlobals) = postSolution
		SolutionGuid = {CD764379-5037-4492-A7E9-2A1B73D6A536}
	EndGlobalSection
EndGlobal
